
Microsoft Visual Studio Solution File, Format Version 12.00
# Visual Studio Version 17
VisualStudioVersion = 17.4.33205.214
MinimumVisualStudioVersion = 10.0.40219.1
Project("{9A19103F-16F7-4668-BE54-9A1E7A4F7556}") = "dockerAPI", "dockerAPI.csproj", "{9C0C639D-EEA3-413A-A6F4-0B0DBF30C611}"
EndProject
Global
	GlobalSection(SolutionConfigurationPlatforms) = preSolution
		Debug|Any CPU = Debug|Any CPU
		Release|Any CPU = Release|Any CPU
	EndGlobalSection
	GlobalSection(ProjectConfigurationPlatforms) = postSolution
		{9C0C639D-EEA3-413A-A6F4-0B0DBF30C611}.Debug|Any CPU.ActiveCfg = Debug|Any CPU
		{9C0C639D-EEA3-413A-A6F4-0B0DBF30C611}.Debug|Any CPU.Build.0 = Debug|Any CPU
		{9C0C639D-EEA3-413A-A6F4-0B0DBF30C611}.Release|Any CPU.ActiveCfg = Release|Any CPU
		{9C0C639D-EEA3-413A-A6F4-0B0DBF30C611}.Release|Any CPU.Build.0 = Release|Any CPU
	EndGlobalSection
	GlobalSection(SolutionProperties) = preSolution
		HideSolutionNode = FALSE
	EndGlobalSection
	GlobalSection(ExtensibilityGlobals) = postSolution
		SolutionGuid = {1E9802E9-921C-430A-8C73-49776FA63CBE}
	EndGlobalSection
EndGlobal
